
Microsoft Visual Studio Solution File, Format Version 12.00
# Visual Studio 2013
VisualStudioVersion = 12.0.30501.0
MinimumVisualStudioVersion = 10.0.40219.1
Project("{FAE04EC0-301F-11D3-BF4B-00C04F79EFBC}") = "AonWeb.FluentHttp", "AonWeb.FluentHttp\AonWeb.FluentHttp.csproj", "{2996F912-482D-42C4-A315-CBAFF83C899E}"
EndProject
Project("{FAE04EC0-301F-11D3-BF4B-00C04F79EFBC}") = "AonWeb.FluentHttp.Tests", "AonWeb.FluentHttp.Tests\AonWeb.FluentHttp.Tests.csproj", "{98B8E645-C37A-428A-8CBD-46CED422764B}"
EndProject
Project("{2150E333-8FDC-42A3-9474-1A3956D46DE8}") = ".nuget", ".nuget", "{7BAED64B-B6C5-4FFD-AE70-630BFC63FFDC}"
	ProjectSection(SolutionItems) = preProject
		.nuget\NuGet.Config = .nuget\NuGet.Config
		.nuget\NuGet.exe = .nuget\NuGet.exe
		.nuget\NuGet.targets = .nuget\NuGet.targets
	EndProjectSection
EndProject
Project("{FAE04EC0-301F-11D3-BF4B-00C04F79EFBC}") = "AonWeb.FluentHttp.HAL", "AonWeb.FluentHttp.HAL\AonWeb.FluentHttp.HAL.csproj", "{1901429B-AB31-45AF-A071-7F9A985C3CBD}"
EndProject
Project("{E09DD79A-4488-4AB9-8D3F-A7EEE78BF432}") = "AonWeb.FluentHttp.Package", "AonWeb.FluentHttp.Package\AonWeb.FluentHttp.Package.nuproj", "{02DD68D0-7849-42F8-9DC7-54477CF3ED23}"
EndProject
Project("{E09DD79A-4488-4AB9-8D3F-A7EEE78BF432}") = "AonWeb.FluentHttp.Hal.Package", "AonWeb.FluentHttp.Hal.Package\AonWeb.FluentHttp.Hal.Package.nuproj", "{92BEE853-99EF-494E-804B-863288282C08}"
EndProject
Project("{FAE04EC0-301F-11D3-BF4B-00C04F79EFBC}") = "AonWeb.FluentHttp.Mocks", "AonWeb.FluentHttp.Mocks\AonWeb.FluentHttp.Mocks.csproj", "{C1051B93-89F8-4A6F-8601-A5D5FB7B6648}"
EndProject
Project("{E09DD79A-4488-4AB9-8D3F-A7EEE78BF432}") = "AonWeb.FluentHttp.Mocks.Package", "AonWeb.FluentHttp.Mocks.Package\AonWeb.FluentHttp.Mocks.Package.nuproj", "{8266BCCD-F314-40E8-BD96-D9F18D376F24}"
EndProject
Global
	GlobalSection(SolutionConfigurationPlatforms) = preSolution
		Debug|Any CPU = Debug|Any CPU
		Release|Any CPU = Release|Any CPU
	EndGlobalSection
	GlobalSection(ProjectConfigurationPlatforms) = postSolution
		{2996F912-482D-42C4-A315-CBAFF83C899E}.Debug|Any CPU.ActiveCfg = Debug|Any CPU
		{2996F912-482D-42C4-A315-CBAFF83C899E}.Debug|Any CPU.Build.0 = Debug|Any CPU
		{2996F912-482D-42C4-A315-CBAFF83C899E}.Release|Any CPU.ActiveCfg = Release|Any CPU
		{2996F912-482D-42C4-A315-CBAFF83C899E}.Release|Any CPU.Build.0 = Release|Any CPU
		{98B8E645-C37A-428A-8CBD-46CED422764B}.Debug|Any CPU.ActiveCfg = Debug|Any CPU
		{98B8E645-C37A-428A-8CBD-46CED422764B}.Debug|Any CPU.Build.0 = Debug|Any CPU
		{98B8E645-C37A-428A-8CBD-46CED422764B}.Release|Any CPU.ActiveCfg = Release|Any CPU
		{98B8E645-C37A-428A-8CBD-46CED422764B}.Release|Any CPU.Build.0 = Release|Any CPU
		{1901429B-AB31-45AF-A071-7F9A985C3CBD}.Debug|Any CPU.ActiveCfg = Debug|Any CPU
		{1901429B-AB31-45AF-A071-7F9A985C3CBD}.Debug|Any CPU.Build.0 = Debug|Any CPU
		{1901429B-AB31-45AF-A071-7F9A985C3CBD}.Release|Any CPU.ActiveCfg = Release|Any CPU
		{1901429B-AB31-45AF-A071-7F9A985C3CBD}.Release|Any CPU.Build.0 = Release|Any CPU
		{02DD68D0-7849-42F8-9DC7-54477CF3ED23}.Debug|Any CPU.ActiveCfg = Debug|Any CPU
		{02DD68D0-7849-42F8-9DC7-54477CF3ED23}.Debug|Any CPU.Build.0 = Debug|Any CPU
		{02DD68D0-7849-42F8-9DC7-54477CF3ED23}.Release|Any CPU.ActiveCfg = Release|Any CPU
		{02DD68D0-7849-42F8-9DC7-54477CF3ED23}.Release|Any CPU.Build.0 = Release|Any CPU
		{92BEE853-99EF-494E-804B-863288282C08}.Debug|Any CPU.ActiveCfg = Debug|Any CPU
		{92BEE853-99EF-494E-804B-863288282C08}.Debug|Any CPU.Build.0 = Debug|Any CPU
		{92BEE853-99EF-494E-804B-863288282C08}.Release|Any CPU.ActiveCfg = Release|Any CPU
		{92BEE853-99EF-494E-804B-863288282C08}.Release|Any CPU.Build.0 = Release|Any CPU
		{C1051B93-89F8-4A6F-8601-A5D5FB7B6648}.Debug|Any CPU.ActiveCfg = Debug|Any CPU
		{C1051B93-89F8-4A6F-8601-A5D5FB7B6648}.Debug|Any CPU.Build.0 = Debug|Any CPU
		{C1051B93-89F8-4A6F-8601-A5D5FB7B6648}.Release|Any CPU.ActiveCfg = Release|Any CPU
		{C1051B93-89F8-4A6F-8601-A5D5FB7B6648}.Release|Any CPU.Build.0 = Release|Any CPU
		{8266BCCD-F314-40E8-BD96-D9F18D376F24}.Debug|Any CPU.ActiveCfg = Debug|Any CPU
		{8266BCCD-F314-40E8-BD96-D9F18D376F24}.Debug|Any CPU.Build.0 = Debug|Any CPU
		{8266BCCD-F314-40E8-BD96-D9F18D376F24}.Release|Any CPU.ActiveCfg = Release|Any CPU
		{8266BCCD-F314-40E8-BD96-D9F18D376F24}.Release|Any CPU.Build.0 = Release|Any CPU
	EndGlobalSection
	GlobalSection(SolutionProperties) = preSolution
		HideSolutionNode = FALSE
	EndGlobalSection
EndGlobal
