
Microsoft Visual Studio Solution File, Format Version 12.00
# Visual Studio 2013
VisualStudioVersion = 12.0.31101.0
MinimumVisualStudioVersion = 10.0.40219.1
Project("{FAE04EC0-301F-11D3-BF4B-00C04F79EFBC}") = "AonWeb.FluentHttp", "AonWeb.FluentHttp\AonWeb.FluentHttp.csproj", "{2996F912-482D-42C4-A315-CBAFF83C899E}"
EndProject
Project("{FAE04EC0-301F-11D3-BF4B-00C04F79EFBC}") = "AonWeb.FluentHttp.Tests", "AonWeb.FluentHttp.Tests\AonWeb.FluentHttp.Tests.csproj", "{98B8E645-C37A-428A-8CBD-46CED422764B}"
EndProject
Project("{FAE04EC0-301F-11D3-BF4B-00C04F79EFBC}") = "AonWeb.FluentHttp.HAL", "AonWeb.FluentHttp.HAL\AonWeb.FluentHttp.HAL.csproj", "{1901429B-AB31-45AF-A071-7F9A985C3CBD}"
EndProject
Project("{FAE04EC0-301F-11D3-BF4B-00C04F79EFBC}") = "AonWeb.FluentHttp.Mocks", "AonWeb.FluentHttp.Mocks\AonWeb.FluentHttp.Mocks.csproj", "{C1051B93-89F8-4A6F-8601-A5D5FB7B6648}"
EndProject
Project("{2150E333-8FDC-42A3-9474-1A3956D46DE8}") = ".nuget", ".nuget", "{41902ED1-9BCF-43EC-8613-A2716CEF356B}"
	ProjectSection(SolutionItems) = preProject
		.nuget\NuGet.Config = .nuget\NuGet.Config
		.nuget\NuGet.exe = .nuget\NuGet.exe
		.nuget\NuGet.targets = .nuget\NuGet.targets
		.nuget\push-hal.cmd = .nuget\push-hal.cmd
		.nuget\push-http.cmd = .nuget\push-http.cmd
		.nuget\push-mocks.cmd = .nuget\push-mocks.cmd
	EndProjectSection
EndProject
Global
	GlobalSection(SolutionConfigurationPlatforms) = preSolution
		Debug|Any CPU = Debug|Any CPU
		Release|Any CPU = Release|Any CPU
	EndGlobalSection
	GlobalSection(ProjectConfigurationPlatforms) = postSolution
		{2996F912-482D-42C4-A315-CBAFF83C899E}.Debug|Any CPU.ActiveCfg = Debug|Any CPU
		{2996F912-482D-42C4-A315-CBAFF83C899E}.Debug|Any CPU.Build.0 = Debug|Any CPU
		{2996F912-482D-42C4-A315-CBAFF83C899E}.Release|Any CPU.ActiveCfg = Release|Any CPU
		{2996F912-482D-42C4-A315-CBAFF83C899E}.Release|Any CPU.Build.0 = Release|Any CPU
		{98B8E645-C37A-428A-8CBD-46CED422764B}.Debug|Any CPU.ActiveCfg = Debug|Any CPU
		{98B8E645-C37A-428A-8CBD-46CED422764B}.Debug|Any CPU.Build.0 = Debug|Any CPU
		{98B8E645-C37A-428A-8CBD-46CED422764B}.Release|Any CPU.ActiveCfg = Release|Any CPU
		{98B8E645-C37A-428A-8CBD-46CED422764B}.Release|Any CPU.Build.0 = Release|Any CPU
		{1901429B-AB31-45AF-A071-7F9A985C3CBD}.Debug|Any CPU.ActiveCfg = Debug|Any CPU
		{1901429B-AB31-45AF-A071-7F9A985C3CBD}.Debug|Any CPU.Build.0 = Debug|Any CPU
		{1901429B-AB31-45AF-A071-7F9A985C3CBD}.Release|Any CPU.ActiveCfg = Release|Any CPU
		{1901429B-AB31-45AF-A071-7F9A985C3CBD}.Release|Any CPU.Build.0 = Release|Any CPU
		{C1051B93-89F8-4A6F-8601-A5D5FB7B6648}.Debug|Any CPU.ActiveCfg = Debug|Any CPU
		{C1051B93-89F8-4A6F-8601-A5D5FB7B6648}.Debug|Any CPU.Build.0 = Debug|Any CPU
		{C1051B93-89F8-4A6F-8601-A5D5FB7B6648}.Release|Any CPU.ActiveCfg = Release|Any CPU
		{C1051B93-89F8-4A6F-8601-A5D5FB7B6648}.Release|Any CPU.Build.0 = Release|Any CPU
	EndGlobalSection
	GlobalSection(SolutionProperties) = preSolution
		HideSolutionNode = FALSE
	EndGlobalSection
EndGlobal
